
Microsoft Visual Studio Solution File, Format Version 12.00
# Visual Studio Version 16
VisualStudioVersion = 16.0.31129.286
MinimumVisualStudioVersion = 10.0.40219.1
Project("{9A19103F-16F7-4668-BE54-9A1E7A4F7556}") = "GameApp", "GameApp.csproj", "{B7825B23-354E-4B7E-8E99-75E693639180}"
EndProject
Global
	GlobalSection(SolutionConfigurationPlatforms) = preSolution
		Debug|Any CPU = Debug|Any CPU
		Release|Any CPU = Release|Any CPU
	EndGlobalSection
	GlobalSection(ProjectConfigurationPlatforms) = postSolution
		{B7825B23-354E-4B7E-8E99-75E693639180}.Debug|Any CPU.ActiveCfg = Debug|Any CPU
		{B7825B23-354E-4B7E-8E99-75E693639180}.Debug|Any CPU.Build.0 = Debug|Any CPU
		{B7825B23-354E-4B7E-8E99-75E693639180}.Release|Any CPU.ActiveCfg = Release|Any CPU
		{B7825B23-354E-4B7E-8E99-75E693639180}.Release|Any CPU.Build.0 = Release|Any CPU
	EndGlobalSection
	GlobalSection(SolutionProperties) = preSolution
		HideSolutionNode = FALSE
	EndGlobalSection
	GlobalSection(ExtensibilityGlobals) = postSolution
		SolutionGuid = {45EF1A2D-D28B-4902-AD53-7EC535083B93}
	EndGlobalSection
EndGlobal
